
Microsoft Visual Studio Solution File, Format Version 12.00
# Visual Studio 15
VisualStudioVersion = 15.0.26124.0
MinimumVisualStudioVersion = 15.0.26124.0
Project("{FAE04EC0-301F-11D3-BF4B-00C04F79EFBC}") = "Monad.EDukaan.Framework.Common", "Common\Monad.EDukaan.Framework.Common.csproj", "{6E30341E-CAD2-4E91-B88A-FBDADB17D4AA}"
EndProject
Project("{FAE04EC0-301F-11D3-BF4B-00C04F79EFBC}") = "Monad.EDukaan.Framework.Persistence", "Persistence\Monad.EDukaan.Framework.Persistence.csproj", "{5141EE63-847A-4BB3-886E-F652A977A063}"
EndProject
Project("{FAE04EC0-301F-11D3-BF4B-00C04F79EFBC}") = "Monad.EDukaan.Framework.WebHost", "WebHost\Monad.EDukaan.Framework.WebHost.csproj", "{1C0FF4DB-1EAA-4C10-B8B0-8C0665BB5DBD}"
EndProject
Global
	GlobalSection(SolutionConfigurationPlatforms) = preSolution
		Debug|Any CPU = Debug|Any CPU
		Debug|x64 = Debug|x64
		Debug|x86 = Debug|x86
		Release|Any CPU = Release|Any CPU
		Release|x64 = Release|x64
		Release|x86 = Release|x86
	EndGlobalSection
	GlobalSection(SolutionProperties) = preSolution
		HideSolutionNode = FALSE
	EndGlobalSection
	GlobalSection(ProjectConfigurationPlatforms) = postSolution
		{6E30341E-CAD2-4E91-B88A-FBDADB17D4AA}.Debug|Any CPU.ActiveCfg = Debug|Any CPU
		{6E30341E-CAD2-4E91-B88A-FBDADB17D4AA}.Debug|Any CPU.Build.0 = Debug|Any CPU
		{6E30341E-CAD2-4E91-B88A-FBDADB17D4AA}.Debug|x64.ActiveCfg = Debug|Any CPU
		{6E30341E-CAD2-4E91-B88A-FBDADB17D4AA}.Debug|x64.Build.0 = Debug|Any CPU
		{6E30341E-CAD2-4E91-B88A-FBDADB17D4AA}.Debug|x86.ActiveCfg = Debug|Any CPU
		{6E30341E-CAD2-4E91-B88A-FBDADB17D4AA}.Debug|x86.Build.0 = Debug|Any CPU
		{6E30341E-CAD2-4E91-B88A-FBDADB17D4AA}.Release|Any CPU.ActiveCfg = Release|Any CPU
		{6E30341E-CAD2-4E91-B88A-FBDADB17D4AA}.Release|Any CPU.Build.0 = Release|Any CPU
		{6E30341E-CAD2-4E91-B88A-FBDADB17D4AA}.Release|x64.ActiveCfg = Release|Any CPU
		{6E30341E-CAD2-4E91-B88A-FBDADB17D4AA}.Release|x64.Build.0 = Release|Any CPU
		{6E30341E-CAD2-4E91-B88A-FBDADB17D4AA}.Release|x86.ActiveCfg = Release|Any CPU
		{6E30341E-CAD2-4E91-B88A-FBDADB17D4AA}.Release|x86.Build.0 = Release|Any CPU
		{5141EE63-847A-4BB3-886E-F652A977A063}.Debug|Any CPU.ActiveCfg = Debug|Any CPU
		{5141EE63-847A-4BB3-886E-F652A977A063}.Debug|Any CPU.Build.0 = Debug|Any CPU
		{5141EE63-847A-4BB3-886E-F652A977A063}.Debug|x64.ActiveCfg = Debug|Any CPU
		{5141EE63-847A-4BB3-886E-F652A977A063}.Debug|x64.Build.0 = Debug|Any CPU
		{5141EE63-847A-4BB3-886E-F652A977A063}.Debug|x86.ActiveCfg = Debug|Any CPU
		{5141EE63-847A-4BB3-886E-F652A977A063}.Debug|x86.Build.0 = Debug|Any CPU
		{5141EE63-847A-4BB3-886E-F652A977A063}.Release|Any CPU.ActiveCfg = Release|Any CPU
		{5141EE63-847A-4BB3-886E-F652A977A063}.Release|Any CPU.Build.0 = Release|Any CPU
		{5141EE63-847A-4BB3-886E-F652A977A063}.Release|x64.ActiveCfg = Release|Any CPU
		{5141EE63-847A-4BB3-886E-F652A977A063}.Release|x64.Build.0 = Release|Any CPU
		{5141EE63-847A-4BB3-886E-F652A977A063}.Release|x86.ActiveCfg = Release|Any CPU
		{5141EE63-847A-4BB3-886E-F652A977A063}.Release|x86.Build.0 = Release|Any CPU
		{1C0FF4DB-1EAA-4C10-B8B0-8C0665BB5DBD}.Debug|Any CPU.ActiveCfg = Debug|Any CPU
		{1C0FF4DB-1EAA-4C10-B8B0-8C0665BB5DBD}.Debug|Any CPU.Build.0 = Debug|Any CPU
		{1C0FF4DB-1EAA-4C10-B8B0-8C0665BB5DBD}.Debug|x64.ActiveCfg = Debug|Any CPU
		{1C0FF4DB-1EAA-4C10-B8B0-8C0665BB5DBD}.Debug|x64.Build.0 = Debug|Any CPU
		{1C0FF4DB-1EAA-4C10-B8B0-8C0665BB5DBD}.Debug|x86.ActiveCfg = Debug|Any CPU
		{1C0FF4DB-1EAA-4C10-B8B0-8C0665BB5DBD}.Debug|x86.Build.0 = Debug|Any CPU
		{1C0FF4DB-1EAA-4C10-B8B0-8C0665BB5DBD}.Release|Any CPU.ActiveCfg = Release|Any CPU
		{1C0FF4DB-1EAA-4C10-B8B0-8C0665BB5DBD}.Release|Any CPU.Build.0 = Release|Any CPU
		{1C0FF4DB-1EAA-4C10-B8B0-8C0665BB5DBD}.Release|x64.ActiveCfg = Release|Any CPU
		{1C0FF4DB-1EAA-4C10-B8B0-8C0665BB5DBD}.Release|x64.Build.0 = Release|Any CPU
		{1C0FF4DB-1EAA-4C10-B8B0-8C0665BB5DBD}.Release|x86.ActiveCfg = Release|Any CPU
		{1C0FF4DB-1EAA-4C10-B8B0-8C0665BB5DBD}.Release|x86.Build.0 = Release|Any CPU
	EndGlobalSection
EndGlobal
