
Microsoft Visual Studio Solution File, Format Version 12.00
# Visual Studio Version 17
VisualStudioVersion = 17.0.32002.185
MinimumVisualStudioVersion = 10.0.40219.1
Project("{2150E333-8FDC-42A3-9474-1A3956D46DE8}") = "src", "src", "{B1B98189-011A-46C8-B9DC-81C83F997C2D}"
EndProject
Project("{2150E333-8FDC-42A3-9474-1A3956D46DE8}") = "Services", "Services", "{2CE4AA6F-F83F-4F97-A8F3-E87B3B46BF19}"
EndProject
Project("{2150E333-8FDC-42A3-9474-1A3956D46DE8}") = "Catalog", "Catalog", "{D28CC841-9FE1-4A1C-8245-3E18006B4F03}"
EndProject
Project("{FAE04EC0-301F-11D3-BF4B-00C04F79EFBC}") = "Catalog.API", "Services\Catalog\Catalog.API\Catalog.API.csproj", "{FA5F6663-6897-4640-834A-F45F04BB9290}"
EndProject
Project("{E53339B2-1760-4266-BCC7-CA923CBCF16C}") = "docker-compose", "docker-compose.dcproj", "{35579B51-DE51-48ED-8513-2B25CA6FAFB4}"
EndProject
Global
	GlobalSection(SolutionConfigurationPlatforms) = preSolution
		Debug|Any CPU = Debug|Any CPU
		Release|Any CPU = Release|Any CPU
	EndGlobalSection
	GlobalSection(ProjectConfigurationPlatforms) = postSolution
		{FA5F6663-6897-4640-834A-F45F04BB9290}.Debug|Any CPU.ActiveCfg = Debug|Any CPU
		{FA5F6663-6897-4640-834A-F45F04BB9290}.Debug|Any CPU.Build.0 = Debug|Any CPU
		{FA5F6663-6897-4640-834A-F45F04BB9290}.Release|Any CPU.ActiveCfg = Release|Any CPU
		{FA5F6663-6897-4640-834A-F45F04BB9290}.Release|Any CPU.Build.0 = Release|Any CPU
		{35579B51-DE51-48ED-8513-2B25CA6FAFB4}.Debug|Any CPU.ActiveCfg = Debug|Any CPU
		{35579B51-DE51-48ED-8513-2B25CA6FAFB4}.Debug|Any CPU.Build.0 = Debug|Any CPU
		{35579B51-DE51-48ED-8513-2B25CA6FAFB4}.Release|Any CPU.ActiveCfg = Release|Any CPU
		{35579B51-DE51-48ED-8513-2B25CA6FAFB4}.Release|Any CPU.Build.0 = Release|Any CPU
	EndGlobalSection
	GlobalSection(SolutionProperties) = preSolution
		HideSolutionNode = FALSE
	EndGlobalSection
	GlobalSection(NestedProjects) = preSolution
		{2CE4AA6F-F83F-4F97-A8F3-E87B3B46BF19} = {B1B98189-011A-46C8-B9DC-81C83F997C2D}
		{D28CC841-9FE1-4A1C-8245-3E18006B4F03} = {2CE4AA6F-F83F-4F97-A8F3-E87B3B46BF19}
		{FA5F6663-6897-4640-834A-F45F04BB9290} = {D28CC841-9FE1-4A1C-8245-3E18006B4F03}
	EndGlobalSection
	GlobalSection(ExtensibilityGlobals) = postSolution
		SolutionGuid = {F10EA296-C18C-4EE2-9713-E9F378FB4D8D}
	EndGlobalSection
EndGlobal
