
Microsoft Visual Studio Solution File, Format Version 12.00
# Visual Studio Version 17
VisualStudioVersion = 17.0.32002.185
MinimumVisualStudioVersion = 10.0.40219.1
Project("{2150E333-8FDC-42A3-9474-1A3956D46DE8}") = "src", "src", "{B1B98189-011A-46C8-B9DC-81C83F997C2D}"
EndProject
Project("{2150E333-8FDC-42A3-9474-1A3956D46DE8}") = "Services", "Services", "{2CE4AA6F-F83F-4F97-A8F3-E87B3B46BF19}"
EndProject
Project("{2150E333-8FDC-42A3-9474-1A3956D46DE8}") = "Catalog", "Catalog", "{D28CC841-9FE1-4A1C-8245-3E18006B4F03}"
EndProject
Project("{9A19103F-16F7-4668-BE54-9A1E7A4F7556}") = "Catalog.API", "Services\Catalog\Catalog.API\Catalog.API.csproj", "{FA5F6663-6897-4640-834A-F45F04BB9290}"
EndProject
Project("{E53339B2-1760-4266-BCC7-CA923CBCF16C}") = "docker-compose", "docker-compose.dcproj", "{35579B51-DE51-48ED-8513-2B25CA6FAFB4}"
EndProject
Project("{2150E333-8FDC-42A3-9474-1A3956D46DE8}") = "Basket", "Basket", "{DF177D14-3C5D-4B35-98BE-B1A2A23FFFD6}"
EndProject
Project("{9A19103F-16F7-4668-BE54-9A1E7A4F7556}") = "Basket.API", "Services\Basket\Basket.API\Basket.API.csproj", "{3D9ABB68-5275-4E9A-83D0-59CB62F2C211}"
EndProject
Project("{2150E333-8FDC-42A3-9474-1A3956D46DE8}") = "Discount", "Discount", "{3989964F-5733-4403-898E-2915BC7ADAEB}"
EndProject
Project("{9A19103F-16F7-4668-BE54-9A1E7A4F7556}") = "Discount.API", "Services\Discount\Discount.API\Discount.API.csproj", "{478E9247-DCFF-49BC-8D31-1007509E7AAC}"
EndProject
Project("{9A19103F-16F7-4668-BE54-9A1E7A4F7556}") = "Discount.Grpc", "Services\Discount\Discount.Grpc\Discount.Grpc.csproj", "{C92F8E49-E153-4CC8-AC05-8D962D99FD26}"
EndProject
Project("{2150E333-8FDC-42A3-9474-1A3956D46DE8}") = "Ordering", "Ordering", "{96216C96-EBA5-41A4-A465-93C28C8C1C84}"
EndProject
Project("{9A19103F-16F7-4668-BE54-9A1E7A4F7556}") = "Ordering.API", "Services\Ordering\Ordering.API\Ordering.API.csproj", "{19B110BA-5DF2-41FA-988F-F719903DBA15}"
EndProject
Project("{9A19103F-16F7-4668-BE54-9A1E7A4F7556}") = "Ordering.Domain", "Services\Ordering\Ordering.Domain\Ordering.Domain.csproj", "{EA0E8F5C-E5DC-4E97-A634-93801FF49900}"
EndProject
Project("{9A19103F-16F7-4668-BE54-9A1E7A4F7556}") = "Ordering.Application", "Services\Ordering\Ordering.Application\Ordering.Application.csproj", "{7804564B-D089-4C6C-AFF7-185A6198BA80}"
EndProject
Project("{9A19103F-16F7-4668-BE54-9A1E7A4F7556}") = "Ordering.Infrastructure", "Services\Ordering\Ordering.Infrastructure\Ordering.Infrastructure.csproj", "{6BD8764B-B0CB-4706-9FCA-6C525608025E}"
EndProject
Project("{2150E333-8FDC-42A3-9474-1A3956D46DE8}") = "BuildingBlocks", "BuildingBlocks", "{03123661-5E49-42D0-A5BC-7F3790E16FB1}"
EndProject
Project("{9A19103F-16F7-4668-BE54-9A1E7A4F7556}") = "EventBus.Messages", "BuildingBlocks\EventBus.Messages\EventBus.Messages.csproj", "{A21C5E97-64DE-461D-B97D-65775F3131E9}"
EndProject
Project("{2150E333-8FDC-42A3-9474-1A3956D46DE8}") = "ApiGateways", "ApiGateways", "{3CA4D946-1A83-4CED-A7B9-790A4BA18551}"
EndProject
Project("{9A19103F-16F7-4668-BE54-9A1E7A4F7556}") = "OcelotApiGw", "ApiGateways\OcelotApiGw\OcelotApiGw.csproj", "{4EB50B4D-7BA3-4F68-A89E-B12E34398D5F}"
EndProject
Project("{9A19103F-16F7-4668-BE54-9A1E7A4F7556}") = "Shopping.Aggregator", "ApiGateways\Shopping.Aggregator\Shopping.Aggregator.csproj", "{235645A5-F9E1-4237-8966-94985E05DFD6}"
EndProject
Project("{2150E333-8FDC-42A3-9474-1A3956D46DE8}") = "Identity", "Identity", "{2D596EE2-43C5-438B-913C-D33B682D436A}"
EndProject
Project("{FAE04EC0-301F-11D3-BF4B-00C04F79EFBC}") = "Identity.API", "Services\Identity\Identity.API\Identity.API.csproj", "{D83E92F3-AC8E-4EE5-BD8B-D7BB606D4E1B}"
EndProject
Project("{2150E333-8FDC-42A3-9474-1A3956D46DE8}") = "UI", "UI", "{2698A0F6-EB2D-47C2-949C-EB0186439636}"
EndProject
Project("{FAE04EC0-301F-11D3-BF4B-00C04F79EFBC}") = "MVC.UI", "UI\MVC.UI\MVC.UI.csproj", "{CED28713-CC44-40A6-A907-DF064C607855}"
EndProject
Project("{FAE04EC0-301F-11D3-BF4B-00C04F79EFBC}") = "Basket.API.UnitTests", "Services\Basket\Basket.API.UnitTests\Basket.API.UnitTests.csproj", "{90789CC5-1609-4115-AF97-DB409C82E054}"
EndProject
Project("{FAE04EC0-301F-11D3-BF4B-00C04F79EFBC}") = "Catalog.API.UnitTests", "Services\Catalog\Catalog.API.UnitTests\Catalog.API.UnitTests.csproj", "{E651A55C-978A-4AA3-AA55-3E2B27B5769F}"
EndProject
Global
	GlobalSection(SolutionConfigurationPlatforms) = preSolution
		Debug|Any CPU = Debug|Any CPU
		Release|Any CPU = Release|Any CPU
	EndGlobalSection
	GlobalSection(ProjectConfigurationPlatforms) = postSolution
		{FA5F6663-6897-4640-834A-F45F04BB9290}.Debug|Any CPU.ActiveCfg = Debug|Any CPU
		{FA5F6663-6897-4640-834A-F45F04BB9290}.Debug|Any CPU.Build.0 = Debug|Any CPU
		{FA5F6663-6897-4640-834A-F45F04BB9290}.Release|Any CPU.ActiveCfg = Release|Any CPU
		{FA5F6663-6897-4640-834A-F45F04BB9290}.Release|Any CPU.Build.0 = Release|Any CPU
		{35579B51-DE51-48ED-8513-2B25CA6FAFB4}.Debug|Any CPU.ActiveCfg = Debug|Any CPU
		{35579B51-DE51-48ED-8513-2B25CA6FAFB4}.Debug|Any CPU.Build.0 = Debug|Any CPU
		{35579B51-DE51-48ED-8513-2B25CA6FAFB4}.Release|Any CPU.ActiveCfg = Release|Any CPU
		{35579B51-DE51-48ED-8513-2B25CA6FAFB4}.Release|Any CPU.Build.0 = Release|Any CPU
		{3D9ABB68-5275-4E9A-83D0-59CB62F2C211}.Debug|Any CPU.ActiveCfg = Debug|Any CPU
		{3D9ABB68-5275-4E9A-83D0-59CB62F2C211}.Debug|Any CPU.Build.0 = Debug|Any CPU
		{3D9ABB68-5275-4E9A-83D0-59CB62F2C211}.Release|Any CPU.ActiveCfg = Release|Any CPU
		{3D9ABB68-5275-4E9A-83D0-59CB62F2C211}.Release|Any CPU.Build.0 = Release|Any CPU
		{478E9247-DCFF-49BC-8D31-1007509E7AAC}.Debug|Any CPU.ActiveCfg = Debug|Any CPU
		{478E9247-DCFF-49BC-8D31-1007509E7AAC}.Debug|Any CPU.Build.0 = Debug|Any CPU
		{478E9247-DCFF-49BC-8D31-1007509E7AAC}.Release|Any CPU.ActiveCfg = Release|Any CPU
		{478E9247-DCFF-49BC-8D31-1007509E7AAC}.Release|Any CPU.Build.0 = Release|Any CPU
		{C92F8E49-E153-4CC8-AC05-8D962D99FD26}.Debug|Any CPU.ActiveCfg = Debug|Any CPU
		{C92F8E49-E153-4CC8-AC05-8D962D99FD26}.Debug|Any CPU.Build.0 = Debug|Any CPU
		{C92F8E49-E153-4CC8-AC05-8D962D99FD26}.Release|Any CPU.ActiveCfg = Release|Any CPU
		{C92F8E49-E153-4CC8-AC05-8D962D99FD26}.Release|Any CPU.Build.0 = Release|Any CPU
		{19B110BA-5DF2-41FA-988F-F719903DBA15}.Debug|Any CPU.ActiveCfg = Debug|Any CPU
		{19B110BA-5DF2-41FA-988F-F719903DBA15}.Debug|Any CPU.Build.0 = Debug|Any CPU
		{19B110BA-5DF2-41FA-988F-F719903DBA15}.Release|Any CPU.ActiveCfg = Release|Any CPU
		{19B110BA-5DF2-41FA-988F-F719903DBA15}.Release|Any CPU.Build.0 = Release|Any CPU
		{EA0E8F5C-E5DC-4E97-A634-93801FF49900}.Debug|Any CPU.ActiveCfg = Debug|Any CPU
		{EA0E8F5C-E5DC-4E97-A634-93801FF49900}.Debug|Any CPU.Build.0 = Debug|Any CPU
		{EA0E8F5C-E5DC-4E97-A634-93801FF49900}.Release|Any CPU.ActiveCfg = Release|Any CPU
		{EA0E8F5C-E5DC-4E97-A634-93801FF49900}.Release|Any CPU.Build.0 = Release|Any CPU
		{7804564B-D089-4C6C-AFF7-185A6198BA80}.Debug|Any CPU.ActiveCfg = Debug|Any CPU
		{7804564B-D089-4C6C-AFF7-185A6198BA80}.Debug|Any CPU.Build.0 = Debug|Any CPU
		{7804564B-D089-4C6C-AFF7-185A6198BA80}.Release|Any CPU.ActiveCfg = Release|Any CPU
		{7804564B-D089-4C6C-AFF7-185A6198BA80}.Release|Any CPU.Build.0 = Release|Any CPU
		{6BD8764B-B0CB-4706-9FCA-6C525608025E}.Debug|Any CPU.ActiveCfg = Debug|Any CPU
		{6BD8764B-B0CB-4706-9FCA-6C525608025E}.Debug|Any CPU.Build.0 = Debug|Any CPU
		{6BD8764B-B0CB-4706-9FCA-6C525608025E}.Release|Any CPU.ActiveCfg = Release|Any CPU
		{6BD8764B-B0CB-4706-9FCA-6C525608025E}.Release|Any CPU.Build.0 = Release|Any CPU
		{A21C5E97-64DE-461D-B97D-65775F3131E9}.Debug|Any CPU.ActiveCfg = Debug|Any CPU
		{A21C5E97-64DE-461D-B97D-65775F3131E9}.Debug|Any CPU.Build.0 = Debug|Any CPU
		{A21C5E97-64DE-461D-B97D-65775F3131E9}.Release|Any CPU.ActiveCfg = Release|Any CPU
		{A21C5E97-64DE-461D-B97D-65775F3131E9}.Release|Any CPU.Build.0 = Release|Any CPU
		{4EB50B4D-7BA3-4F68-A89E-B12E34398D5F}.Debug|Any CPU.ActiveCfg = Debug|Any CPU
		{4EB50B4D-7BA3-4F68-A89E-B12E34398D5F}.Debug|Any CPU.Build.0 = Debug|Any CPU
		{4EB50B4D-7BA3-4F68-A89E-B12E34398D5F}.Release|Any CPU.ActiveCfg = Release|Any CPU
		{4EB50B4D-7BA3-4F68-A89E-B12E34398D5F}.Release|Any CPU.Build.0 = Release|Any CPU
		{235645A5-F9E1-4237-8966-94985E05DFD6}.Debug|Any CPU.ActiveCfg = Debug|Any CPU
		{235645A5-F9E1-4237-8966-94985E05DFD6}.Debug|Any CPU.Build.0 = Debug|Any CPU
		{235645A5-F9E1-4237-8966-94985E05DFD6}.Release|Any CPU.ActiveCfg = Release|Any CPU
		{235645A5-F9E1-4237-8966-94985E05DFD6}.Release|Any CPU.Build.0 = Release|Any CPU
		{D83E92F3-AC8E-4EE5-BD8B-D7BB606D4E1B}.Debug|Any CPU.ActiveCfg = Debug|Any CPU
		{D83E92F3-AC8E-4EE5-BD8B-D7BB606D4E1B}.Debug|Any CPU.Build.0 = Debug|Any CPU
		{D83E92F3-AC8E-4EE5-BD8B-D7BB606D4E1B}.Release|Any CPU.ActiveCfg = Release|Any CPU
		{D83E92F3-AC8E-4EE5-BD8B-D7BB606D4E1B}.Release|Any CPU.Build.0 = Release|Any CPU
		{CED28713-CC44-40A6-A907-DF064C607855}.Debug|Any CPU.ActiveCfg = Debug|Any CPU
		{CED28713-CC44-40A6-A907-DF064C607855}.Debug|Any CPU.Build.0 = Debug|Any CPU
		{CED28713-CC44-40A6-A907-DF064C607855}.Release|Any CPU.ActiveCfg = Release|Any CPU
		{CED28713-CC44-40A6-A907-DF064C607855}.Release|Any CPU.Build.0 = Release|Any CPU
		{90789CC5-1609-4115-AF97-DB409C82E054}.Debug|Any CPU.ActiveCfg = Debug|Any CPU
		{90789CC5-1609-4115-AF97-DB409C82E054}.Debug|Any CPU.Build.0 = Debug|Any CPU
		{90789CC5-1609-4115-AF97-DB409C82E054}.Release|Any CPU.ActiveCfg = Release|Any CPU
		{90789CC5-1609-4115-AF97-DB409C82E054}.Release|Any CPU.Build.0 = Release|Any CPU
		{E651A55C-978A-4AA3-AA55-3E2B27B5769F}.Debug|Any CPU.ActiveCfg = Debug|Any CPU
		{E651A55C-978A-4AA3-AA55-3E2B27B5769F}.Debug|Any CPU.Build.0 = Debug|Any CPU
		{E651A55C-978A-4AA3-AA55-3E2B27B5769F}.Release|Any CPU.ActiveCfg = Release|Any CPU
		{E651A55C-978A-4AA3-AA55-3E2B27B5769F}.Release|Any CPU.Build.0 = Release|Any CPU
	EndGlobalSection
	GlobalSection(SolutionProperties) = preSolution
		HideSolutionNode = FALSE
	EndGlobalSection
	GlobalSection(NestedProjects) = preSolution
		{2CE4AA6F-F83F-4F97-A8F3-E87B3B46BF19} = {B1B98189-011A-46C8-B9DC-81C83F997C2D}
		{D28CC841-9FE1-4A1C-8245-3E18006B4F03} = {2CE4AA6F-F83F-4F97-A8F3-E87B3B46BF19}
		{FA5F6663-6897-4640-834A-F45F04BB9290} = {D28CC841-9FE1-4A1C-8245-3E18006B4F03}
		{DF177D14-3C5D-4B35-98BE-B1A2A23FFFD6} = {2CE4AA6F-F83F-4F97-A8F3-E87B3B46BF19}
		{3D9ABB68-5275-4E9A-83D0-59CB62F2C211} = {DF177D14-3C5D-4B35-98BE-B1A2A23FFFD6}
		{3989964F-5733-4403-898E-2915BC7ADAEB} = {2CE4AA6F-F83F-4F97-A8F3-E87B3B46BF19}
		{478E9247-DCFF-49BC-8D31-1007509E7AAC} = {3989964F-5733-4403-898E-2915BC7ADAEB}
		{C92F8E49-E153-4CC8-AC05-8D962D99FD26} = {3989964F-5733-4403-898E-2915BC7ADAEB}
		{96216C96-EBA5-41A4-A465-93C28C8C1C84} = {2CE4AA6F-F83F-4F97-A8F3-E87B3B46BF19}
		{19B110BA-5DF2-41FA-988F-F719903DBA15} = {96216C96-EBA5-41A4-A465-93C28C8C1C84}
		{EA0E8F5C-E5DC-4E97-A634-93801FF49900} = {96216C96-EBA5-41A4-A465-93C28C8C1C84}
		{7804564B-D089-4C6C-AFF7-185A6198BA80} = {96216C96-EBA5-41A4-A465-93C28C8C1C84}
		{6BD8764B-B0CB-4706-9FCA-6C525608025E} = {96216C96-EBA5-41A4-A465-93C28C8C1C84}
		{03123661-5E49-42D0-A5BC-7F3790E16FB1} = {B1B98189-011A-46C8-B9DC-81C83F997C2D}
		{A21C5E97-64DE-461D-B97D-65775F3131E9} = {03123661-5E49-42D0-A5BC-7F3790E16FB1}
		{3CA4D946-1A83-4CED-A7B9-790A4BA18551} = {B1B98189-011A-46C8-B9DC-81C83F997C2D}
		{4EB50B4D-7BA3-4F68-A89E-B12E34398D5F} = {3CA4D946-1A83-4CED-A7B9-790A4BA18551}
		{235645A5-F9E1-4237-8966-94985E05DFD6} = {3CA4D946-1A83-4CED-A7B9-790A4BA18551}
		{2D596EE2-43C5-438B-913C-D33B682D436A} = {2CE4AA6F-F83F-4F97-A8F3-E87B3B46BF19}
		{D83E92F3-AC8E-4EE5-BD8B-D7BB606D4E1B} = {2D596EE2-43C5-438B-913C-D33B682D436A}
		{2698A0F6-EB2D-47C2-949C-EB0186439636} = {B1B98189-011A-46C8-B9DC-81C83F997C2D}
		{CED28713-CC44-40A6-A907-DF064C607855} = {2698A0F6-EB2D-47C2-949C-EB0186439636}
		{90789CC5-1609-4115-AF97-DB409C82E054} = {DF177D14-3C5D-4B35-98BE-B1A2A23FFFD6}
		{E651A55C-978A-4AA3-AA55-3E2B27B5769F} = {D28CC841-9FE1-4A1C-8245-3E18006B4F03}
	EndGlobalSection
	GlobalSection(ExtensibilityGlobals) = postSolution
		SolutionGuid = {F10EA296-C18C-4EE2-9713-E9F378FB4D8D}
	EndGlobalSection
EndGlobal
